{
  "nodes": {
    "canvas-cli": {
      "inputs": {
        "fenix": "fenix",
        "flake-utils": "flake-utils",
        "nixpkgs": [
          "nixpkgs"
        ]
      },
      "locked": {
        "lastModified": 1769442295,
        "narHash": "sha256-2jQC+4MhgCJ9JMRigeShcbKi+e5hmsx1juA0jhCaoYg=",
        "owner": "jarenm1",
        "repo": "canvas-cli",
        "rev": "9c86c2a8031a3e336ce4dbf629ca1164473e35b4",
        "type": "github"
      },
      "original": {
        "owner": "jarenm1",
        "repo": "canvas-cli",
        "type": "github"
      }
    },
    "fenix": {
      "inputs": {
        "nixpkgs": [
          "canvas-cli",
          "nixpkgs"
        ],
        "rust-analyzer-src": "rust-analyzer-src"
      },
      "locked": {
        "lastModified": 1769064677,
        "narHash": "sha256-Upa108vGOlaOBGQTmmLEKuWekBm519u42A/oYSjTs+4=",
        "owner": "nix-community",
        "repo": "fenix",
        "rev": "439e81e0b40781e16c444ca1c7fcd1cf8c5c406c",
        "type": "github"
      },
      "original": {
        "owner": "nix-community",
        "repo": "fenix",
        "type": "github"
      }
    },
    "flake-parts": {
      "inputs": {
        "nixpkgs-lib": "nixpkgs-lib"
      },
      "locked": {
        "lastModified": 1775087534,
        "narHash": "sha256-91qqW8lhL7TLwgQWijoGBbiD4t7/q75KTi8NxjVmSmA=",
        "owner": "hercules-ci",
        "repo": "flake-parts",
        "rev": "3107b77cd68437b9a76194f0f7f9c55f2329ca5b",
        "type": "github"
      },
      "original": {
        "owner": "hercules-ci",
        "repo": "flake-parts",
        "type": "github"
      }
    },
    "flake-utils": {
      "inputs": {
        "systems": "systems"
      },
      "locked": {
        "lastModified": 1731533236,
        "narHash": "sha256-l0KFg5HjrsfsO/JpG+r7fRrqm12kzFHyUHqHCVpMMbI=",
        "owner": "numtide",
        "repo": "flake-utils",
        "rev": "11707dc2f618dd54ca8739b309ec4fc024de578b",
        "type": "github"
      },
      "original": {
        "owner": "numtide",
        "repo": "flake-utils",
        "type": "github"
      }
    },
    "home-manager": {
      "inputs": {
        "nixpkgs": [
          "nixpkgs"
        ]
      },
      "locked": {
        "lastModified": 1777258755,
        "narHash": "sha256-EC07KwADRE2LdIk7vEDyAaD3I0ZUq24T9jQF9L0iEPk=",
        "owner": "nix-community",
        "repo": "home-manager",
        "rev": "7f8bbc93d63401e41368d6ddc46a4f631610fa90",
        "type": "github"
      },
      "original": {
        "owner": "nix-community",
        "repo": "home-manager",
        "type": "github"
      }
    },
    "home-manager_2": {
      "inputs": {
        "nixpkgs": [
          "zen-browser",
          "nixpkgs"
        ]
      },
      "locked": {
        "lastModified": 1776184304,
        "narHash": "sha256-No6QGBmIv5ChiwKCcbkxjdEQ/RO2ZS1gD7SFy6EZ7rc=",
        "owner": "nix-community",
        "repo": "home-manager",
        "rev": "3c7524c68348ef79ce48308e0978611a050089b2",
        "type": "github"
      },
      "original": {
        "owner": "nix-community",
        "repo": "home-manager",
        "type": "github"
      }
    },
    "hyprlang": {
      "inputs": {
        "nixpkgs": [
          "rose-pine-hyprcursor",
          "nixpkgs"
        ],
        "systems": "systems_2"
      },
      "locked": {
        "lastModified": 1709914708,
        "narHash": "sha256-bR4o3mynoTa1Wi4ZTjbnsZ6iqVcPGriXp56bZh5UFTk=",
        "owner": "hyprwm",
        "repo": "hyprlang",
        "rev": "a685493fdbeec01ca8ccdf1f3655c044a8ce2fe2",
        "type": "github"
      },
      "original": {
        "owner": "hyprwm",
        "repo": "hyprlang",
        "type": "github"
      }
    },
    "import-tree": {
      "locked": {
        "lastModified": 1773693634,
        "narHash": "sha256-BtZ2dtkBdSUnFPPFc+n0kcMbgaTxzFNPv2iaO326Ffg=",
        "owner": "vic",
        "repo": "import-tree",
        "rev": "c41e7d58045f9057880b0d85e1152d6a4430dbf1",
        "type": "github"
      },
      "original": {
        "owner": "vic",
        "repo": "import-tree",
        "type": "github"
      }
    },
    "niri": {
      "inputs": {
        "niri-stable": "niri-stable",
        "niri-unstable": "niri-unstable",
        "nixpkgs": [
          "nixpkgs"
        ],
        "nixpkgs-stable": "nixpkgs-stable",
        "xwayland-satellite-stable": "xwayland-satellite-stable",
        "xwayland-satellite-unstable": "xwayland-satellite-unstable"
      },
      "locked": {
        "lastModified": 1777240421,
        "narHash": "sha256-ooPmu+8tqOGh4kozPW4rJC7Y7WM/FHtEY3OK1PoNW7g=",
        "owner": "sodiboo",
        "repo": "niri-flake",
        "rev": "2bb22af2985e5f3cfd051b3d977ebfbf81126280",
        "type": "github"
      },
      "original": {
        "owner": "sodiboo",
        "repo": "niri-flake",
        "type": "github"
      }
    },
    "niri-stable": {
      "flake": false,
      "locked": {
        "lastModified": 1756556321,
        "narHash": "sha256-RLD89dfjN0RVO86C/Mot0T7aduCygPGaYbog566F0Qo=",
        "owner": "YaLTeR",
        "repo": "niri",
        "rev": "01be0e65f4eb91a9cd624ac0b76aaeab765c7294",
        "type": "github"
      },
      "original": {
        "owner": "YaLTeR",
        "ref": "v25.08",
        "repo": "niri",
        "type": "github"
      }
    },
    "niri-unstable": {
      "flake": false,
      "locked": {
        "lastModified": 1777237919,
        "narHash": "sha256-bZHBzo4EuW/xLzXnnMKsIMdZYqgY2O0mIMdplwDHB8Y=",
        "owner": "YaLTeR",
        "repo": "niri",
        "rev": "a85b922919815c32a3ae34e0838830fe522d6a1c",
        "type": "github"
      },
      "original": {
        "owner": "YaLTeR",
        "repo": "niri",
        "type": "github"
      }
    },
    "nixpkgs": {
      "locked": {
        "lastModified": 1776877367,
        "narHash": "sha256-EHq1/OX139R1RvBzOJ0aMRT3xnWyqtHBRUBuO1gFzjI=",
        "owner": "NixOS",
        "repo": "nixpkgs",
        "rev": "0726a0ecb6d4e08f6adced58726b95db924cef57",
        "type": "github"
      },
      "original": {
        "owner": "NixOS",
        "ref": "nixos-unstable",
        "repo": "nixpkgs",
        "type": "github"
      }
    },
    "nixpkgs-lib": {
      "locked": {
        "lastModified": 1774748309,
        "narHash": "sha256-+U7gF3qxzwD5TZuANzZPeJTZRHS29OFQgkQ2kiTJBIQ=",
        "owner": "nix-community",
        "repo": "nixpkgs.lib",
        "rev": "333c4e0545a6da976206c74db8773a1645b5870a",
        "type": "github"
      },
      "original": {
        "owner": "nix-community",
        "repo": "nixpkgs.lib",
        "type": "github"
      }
    },
    "nixpkgs-master": {
      "locked": {
        "lastModified": 1777339203,
        "narHash": "sha256-c5ztVZKSI8oQWB3TH1gRRKUsDOAa5hCL9hayN62cFfk=",
        "owner": "NixOS",
        "repo": "nixpkgs",
        "rev": "1e6f8d0bbbc27582692e90069c474ae833ca6989",
        "type": "github"
      },
      "original": {
        "owner": "NixOS",
        "ref": "master",
        "repo": "nixpkgs",
        "type": "github"
      }
    },
    "nixpkgs-stable": {
      "locked": {
        "lastModified": 1777077449,
        "narHash": "sha256-AIiMJiqvGrN4HyLEbKAoCSRRYn0rnlW5VbKNIMIYqm4=",
        "owner": "NixOS",
        "repo": "nixpkgs",
        "rev": "a4bf06618f0b5ee50f14ed8f0da77d34ecc19160",
        "type": "github"
      },
      "original": {
        "owner": "NixOS",
        "ref": "nixos-25.11",
        "repo": "nixpkgs",
        "type": "github"
      }
    },
    "quickshell": {
      "inputs": {
        "nixpkgs": [
          "nixpkgs"
        ]
      },
      "locked": {
        "lastModified": 1777271265,
        "narHash": "sha256-xJq9oqFP7E8wEHp3vk7pIhGNCp6X/WsP5SIqNXbyFlM=",
        "ref": "refs/heads/master",
        "rev": "04bbf571ca712ccd2e0ea20c9f1b7531c1cd8422",
        "revCount": 811,
        "type": "git",
        "url": "https://git.outfoxxed.me/outfoxxed/quickshell"
      },
      "original": {
        "type": "git",
        "url": "https://git.outfoxxed.me/outfoxxed/quickshell"
      }
    },
    "root": {
      "inputs": {
        "canvas-cli": "canvas-cli",
        "flake-parts": "flake-parts",
        "home-manager": "home-manager",
        "import-tree": "import-tree",
        "niri": "niri",
        "nixpkgs": "nixpkgs",
        "nixpkgs-master": "nixpkgs-master",
        "quickshell": "quickshell",
        "rose-pine-hyprcursor": "rose-pine-hyprcursor",
        "zen-browser": "zen-browser"
      }
    },
    "rose-pine-hyprcursor": {
      "inputs": {
        "hyprlang": "hyprlang",
        "nixpkgs": [
          "nixpkgs"
        ],
        "utils": "utils"
      },
      "locked": {
        "lastModified": 1748096947,
        "narHash": "sha256-ouuA8LVBXzrbYwPW2vNjh7fC9H2UBud/1tUiIM5vPvM=",
        "owner": "ndom91",
        "repo": "rose-pine-hyprcursor",
        "rev": "4b02963d0baf0bee18725cf7c5762b3b3c1392f1",
        "type": "github"
      },
      "original": {
        "owner": "ndom91",
        "repo": "rose-pine-hyprcursor",
        "type": "github"
      }
    },
    "rust-analyzer-src": {
      "flake": false,
      "locked": {
        "lastModified": 1768996281,
        "narHash": "sha256-s+TolkG0f98fR6RtBEmymBb8RHmZ04U3SL8cjoqog2k=",
        "owner": "rust-lang",
        "repo": "rust-analyzer",
        "rev": "2d124215693f13dcf6ad097a02acdd473c80e447",
        "type": "github"
      },
      "original": {
        "owner": "rust-lang",
        "ref": "nightly",
        "repo": "rust-analyzer",
        "type": "github"
      }
    },
    "systems": {
      "locked": {
        "lastModified": 1681028828,
        "narHash": "sha256-Vy1rq5AaRuLzOxct8nz4T6wlgyUR7zLU309k9mBC768=",
        "owner": "nix-systems",
        "repo": "default",
        "rev": "da67096a3b9bf56a91d16901293e51ba5b49a27e",
        "type": "github"
      },
      "original": {
        "owner": "nix-systems",
        "repo": "default",
        "type": "github"
      }
    },
    "systems_2": {
      "locked": {
        "lastModified": 1689347949,
        "narHash": "sha256-12tWmuL2zgBgZkdoB6qXZsgJEH9LR3oUgpaQq2RbI80=",
        "owner": "nix-systems",
        "repo": "default-linux",
        "rev": "31732fcf5e8fea42e59c2488ad31a0e651500f68",
        "type": "github"
      },
      "original": {
        "owner": "nix-systems",
        "repo": "default-linux",
        "type": "github"
      }
    },
    "systems_3": {
      "locked": {
        "lastModified": 1681028828,
        "narHash": "sha256-Vy1rq5AaRuLzOxct8nz4T6wlgyUR7zLU309k9mBC768=",
        "owner": "nix-systems",
        "repo": "default",
        "rev": "da67096a3b9bf56a91d16901293e51ba5b49a27e",
        "type": "github"
      },
      "original": {
        "owner": "nix-systems",
        "repo": "default",
        "type": "github"
      }
    },
    "utils": {
      "inputs": {
        "systems": "systems_3"
      },
      "locked": {
        "lastModified": 1710146030,
        "narHash": "sha256-SZ5L6eA7HJ/nmkzGG7/ISclqe6oZdOZTNoesiInkXPQ=",
        "owner": "numtide",
        "repo": "flake-utils",
        "rev": "b1d9ab70662946ef0850d488da1c9019f3a9752a",
        "type": "github"
      },
      "original": {
        "owner": "numtide",
        "repo": "flake-utils",
        "type": "github"
      }
    },
    "xwayland-satellite-stable": {
      "flake": false,
      "locked": {
        "lastModified": 1755491097,
        "narHash": "sha256-m+9tUfsmBeF2Gn4HWa6vSITZ4Gz1eA1F5Kh62B0N4oE=",
        "owner": "Supreeeme",
        "repo": "xwayland-satellite",
        "rev": "388d291e82ffbc73be18169d39470f340707edaa",
        "type": "github"
      },
      "original": {
        "owner": "Supreeeme",
        "ref": "v0.7",
        "repo": "xwayland-satellite",
        "type": "github"
      }
    },
    "xwayland-satellite-unstable": {
      "flake": false,
      "locked": {
        "lastModified": 1773622265,
        "narHash": "sha256-wToKwH7IgWdGLMSIWksEDs4eumR6UbbsuPQ42r0oTXQ=",
        "owner": "Supreeeme",
        "repo": "xwayland-satellite",
        "rev": "a879e5e0896a326adc79c474bf457b8b99011027",
        "type": "github"
      },
      "original": {
        "owner": "Supreeeme",
        "repo": "xwayland-satellite",
        "type": "github"
      }
    },
    "zen-browser": {
      "inputs": {
        "home-manager": "home-manager_2",
        "nixpkgs": [
          "nixpkgs"
        ]
      },
      "locked": {
        "lastModified": 1777269342,
        "narHash": "sha256-8Wok2HzykE2yc9V3vtMXuBNuV8Yh4+JMdzIET9PghfM=",
        "owner": "0xc000022070",
        "repo": "zen-browser-flake",
        "rev": "3c01a7253335cb590da182eec76862b981b00ad9",
        "type": "github"
      },
      "original": {
        "owner": "0xc000022070",
        "repo": "zen-browser-flake",
        "type": "github"
      }
    }
  },
  "root": "root",
  "version": 7
}
